
Microsoft Visual Studio Solution File, Format Version 12.00
# Visual Studio Version 16
VisualStudioVersion = 16.0.32602.291
MinimumVisualStudioVersion = 10.0.40219.1
Project("{9A19103F-16F7-4668-BE54-9A1E7A4F7556}") = "AuthorizationAPI", "VehicleDriverAccountBook\AuthorizationAPI.csproj", "{96D255C0-9EF2-467C-A94C-DDD4745C4463}"
EndProject
Project("{9A19103F-16F7-4668-BE54-9A1E7A4F7556}") = "VehicleAPI", "VehicleAPI\VehicleAPI.csproj", "{DEDAE89B-203B-47C3-B388-65A12D2600F3}"
EndProject
Project("{9A19103F-16F7-4668-BE54-9A1E7A4F7556}") = "DriverAPI", "DriverAPI\DriverAPI.csproj", "{DC574D7D-1674-474C-92D7-A668EF6A20EB}"
EndProject
Project("{9A19103F-16F7-4668-BE54-9A1E7A4F7556}") = "BookingAPI", "BookingAPI\BookingAPI.csproj", "{1C2BDF43-1345-4BF9-9737-27B3D8D65F0C}"
EndProject
Project("{9A19103F-16F7-4668-BE54-9A1E7A4F7556}") = "VehicleDriverAccountBook.Test", "VehicleDriverAccountBook.Test\VehicleDriverAccountBook.Test.csproj", "{F5BF9186-001B-4BAF-B4F3-A3826513F7A7}"
EndProject
Project("{FAE04EC0-301F-11D3-BF4B-00C04F79EFBC}") = "Gateway.WebAPI", "Gateway.WebAPI\Gateway.WebAPI.csproj", "{A2A68E33-85FF-4E28-AFCC-0380421CD08A}"
EndProject
Project("{FAE04EC0-301F-11D3-BF4B-00C04F79EFBC}") = "VehicleAPI.Test", "VehicleAPI.Test\VehicleAPI.Test.csproj", "{3C352CC5-3C41-4566-B029-72E5AB6F8A01}"
EndProject
Project("{FAE04EC0-301F-11D3-BF4B-00C04F79EFBC}") = "DriverAPI.Test", "DriverAPI.Test\DriverAPI.Test.csproj", "{0B9DAE05-C086-4B89-BBE4-AC6D8FAEE3C8}"
EndProject
Project("{FAE04EC0-301F-11D3-BF4B-00C04F79EFBC}") = "BookingAPI.Test", "BookingAPI.Test\BookingAPI.Test.csproj", "{AEF245D7-9F86-4C5B-9CA4-5DDBE4BA31C0}"
EndProject
Global
	GlobalSection(SolutionConfigurationPlatforms) = preSolution
		Debug|Any CPU = Debug|Any CPU
		Release|Any CPU = Release|Any CPU
	EndGlobalSection
	GlobalSection(ProjectConfigurationPlatforms) = postSolution
		{96D255C0-9EF2-467C-A94C-DDD4745C4463}.Debug|Any CPU.ActiveCfg = Debug|Any CPU
		{96D255C0-9EF2-467C-A94C-DDD4745C4463}.Debug|Any CPU.Build.0 = Debug|Any CPU
		{96D255C0-9EF2-467C-A94C-DDD4745C4463}.Release|Any CPU.ActiveCfg = Release|Any CPU
		{96D255C0-9EF2-467C-A94C-DDD4745C4463}.Release|Any CPU.Build.0 = Release|Any CPU
		{DEDAE89B-203B-47C3-B388-65A12D2600F3}.Debug|Any CPU.ActiveCfg = Debug|Any CPU
		{DEDAE89B-203B-47C3-B388-65A12D2600F3}.Debug|Any CPU.Build.0 = Debug|Any CPU
		{DEDAE89B-203B-47C3-B388-65A12D2600F3}.Release|Any CPU.ActiveCfg = Release|Any CPU
		{DEDAE89B-203B-47C3-B388-65A12D2600F3}.Release|Any CPU.Build.0 = Release|Any CPU
		{DC574D7D-1674-474C-92D7-A668EF6A20EB}.Debug|Any CPU.ActiveCfg = Debug|Any CPU
		{DC574D7D-1674-474C-92D7-A668EF6A20EB}.Debug|Any CPU.Build.0 = Debug|Any CPU
		{DC574D7D-1674-474C-92D7-A668EF6A20EB}.Release|Any CPU.ActiveCfg = Release|Any CPU
		{DC574D7D-1674-474C-92D7-A668EF6A20EB}.Release|Any CPU.Build.0 = Release|Any CPU
		{1C2BDF43-1345-4BF9-9737-27B3D8D65F0C}.Debug|Any CPU.ActiveCfg = Debug|Any CPU
		{1C2BDF43-1345-4BF9-9737-27B3D8D65F0C}.Debug|Any CPU.Build.0 = Debug|Any CPU
		{1C2BDF43-1345-4BF9-9737-27B3D8D65F0C}.Release|Any CPU.ActiveCfg = Release|Any CPU
		{1C2BDF43-1345-4BF9-9737-27B3D8D65F0C}.Release|Any CPU.Build.0 = Release|Any CPU
		{F5BF9186-001B-4BAF-B4F3-A3826513F7A7}.Debug|Any CPU.ActiveCfg = Debug|Any CPU
		{F5BF9186-001B-4BAF-B4F3-A3826513F7A7}.Debug|Any CPU.Build.0 = Debug|Any CPU
		{F5BF9186-001B-4BAF-B4F3-A3826513F7A7}.Release|Any CPU.ActiveCfg = Release|Any CPU
		{F5BF9186-001B-4BAF-B4F3-A3826513F7A7}.Release|Any CPU.Build.0 = Release|Any CPU
		{A2A68E33-85FF-4E28-AFCC-0380421CD08A}.Debug|Any CPU.ActiveCfg = Debug|Any CPU
		{A2A68E33-85FF-4E28-AFCC-0380421CD08A}.Debug|Any CPU.Build.0 = Debug|Any CPU
		{A2A68E33-85FF-4E28-AFCC-0380421CD08A}.Release|Any CPU.ActiveCfg = Release|Any CPU
		{A2A68E33-85FF-4E28-AFCC-0380421CD08A}.Release|Any CPU.Build.0 = Release|Any CPU
		{3C352CC5-3C41-4566-B029-72E5AB6F8A01}.Debug|Any CPU.ActiveCfg = Debug|Any CPU
		{3C352CC5-3C41-4566-B029-72E5AB6F8A01}.Debug|Any CPU.Build.0 = Debug|Any CPU
		{3C352CC5-3C41-4566-B029-72E5AB6F8A01}.Release|Any CPU.ActiveCfg = Release|Any CPU
		{3C352CC5-3C41-4566-B029-72E5AB6F8A01}.Release|Any CPU.Build.0 = Release|Any CPU
		{0B9DAE05-C086-4B89-BBE4-AC6D8FAEE3C8}.Debug|Any CPU.ActiveCfg = Debug|Any CPU
		{0B9DAE05-C086-4B89-BBE4-AC6D8FAEE3C8}.Debug|Any CPU.Build.0 = Debug|Any CPU
		{0B9DAE05-C086-4B89-BBE4-AC6D8FAEE3C8}.Release|Any CPU.ActiveCfg = Release|Any CPU
		{0B9DAE05-C086-4B89-BBE4-AC6D8FAEE3C8}.Release|Any CPU.Build.0 = Release|Any CPU
		{AEF245D7-9F86-4C5B-9CA4-5DDBE4BA31C0}.Debug|Any CPU.ActiveCfg = Debug|Any CPU
		{AEF245D7-9F86-4C5B-9CA4-5DDBE4BA31C0}.Debug|Any CPU.Build.0 = Debug|Any CPU
		{AEF245D7-9F86-4C5B-9CA4-5DDBE4BA31C0}.Release|Any CPU.ActiveCfg = Release|Any CPU
		{AEF245D7-9F86-4C5B-9CA4-5DDBE4BA31C0}.Release|Any CPU.Build.0 = Release|Any CPU
	EndGlobalSection
	GlobalSection(SolutionProperties) = preSolution
		HideSolutionNode = FALSE
	EndGlobalSection
	GlobalSection(ExtensibilityGlobals) = postSolution
		SolutionGuid = {8E72906C-9391-42D2-88BB-B009128149BA}
	EndGlobalSection
EndGlobal
